
Microsoft Visual Studio Solution File, Format Version 12.00
# Visual Studio 15
VisualStudioVersion = 15.0.28307.960
MinimumVisualStudioVersion = 10.0.40219.1
Project("{FAE04EC0-301F-11D3-BF4B-00C04F79EFBC}") = "Rulet", "Rulet\Rulet.csproj", "{BADD061C-8F2E-42FA-A022-CF97DDF51452}"
EndProject
Global
	GlobalSection(SolutionConfigurationPlatforms) = preSolution
		Debug|Any CPU = Debug|Any CPU
		Release|Any CPU = Release|Any CPU
	EndGlobalSection
	GlobalSection(ProjectConfigurationPlatforms) = postSolution
		{BADD061C-8F2E-42FA-A022-CF97DDF51452}.Debug|Any CPU.ActiveCfg = Debug|Any CPU
		{BADD061C-8F2E-42FA-A022-CF97DDF51452}.Debug|Any CPU.Build.0 = Debug|Any CPU
		{BADD061C-8F2E-42FA-A022-CF97DDF51452}.Release|Any CPU.ActiveCfg = Release|Any CPU
		{BADD061C-8F2E-42FA-A022-CF97DDF51452}.Release|Any CPU.Build.0 = Release|Any CPU
	EndGlobalSection
	GlobalSection(SolutionProperties) = preSolution
		HideSolutionNode = FALSE
	EndGlobalSection
	GlobalSection(ExtensibilityGlobals) = postSolution
		SolutionGuid = {20032341-B895-46E2-BECE-0909B1987112}
	EndGlobalSection
EndGlobal
